// !$*UTF8*$!
{
	archiveVersion = 1;
	classes = {
	};
	objectVersion = 46;
	objects = {

/* Begin PBXBuildFile section */
		993EAEA51C620B2200899916 /* Material.framework in Frameworks */ = {isa = PBXBuildFile; fileRef = 993EAEA41C620B2200899916 /* Material.framework */; };
		993EAEA71C6246D100899916 /* AddNewCreditCardViewController.swift in Sources */ = {isa = PBXBuildFile; fileRef = 993EAEA61C6246D100899916 /* AddNewCreditCardViewController.swift */; };
		993EAEAC1C66555B00899916 /* LoginViewController.swift in Sources */ = {isa = PBXBuildFile; fileRef = 993EAEAB1C66555B00899916 /* LoginViewController.swift */; };
		993EAEAE1C6655BE00899916 /* SnapKit.framework in Frameworks */ = {isa = PBXBuildFile; fileRef = 993EAEAD1C6655BE00899916 /* SnapKit.framework */; };
		993EAEB11C66599400899916 /* background-logo.jpg in Resources */ = {isa = PBXBuildFile; fileRef = 993EAEB01C66599400899916 /* background-logo.jpg */; };
		993EAEB31C672E8000899916 /* RegisterViewController.swift in Sources */ = {isa = PBXBuildFile; fileRef = 993EAEB21C672E8000899916 /* RegisterViewController.swift */; };
		993EAEB61C68693D00899916 /* HomeViewController.swift in Sources */ = {isa = PBXBuildFile; fileRef = 993EAEB51C68693D00899916 /* HomeViewController.swift */; };
		993EAEB81C68711500899916 /* TransitFareSetting.swift in Sources */ = {isa = PBXBuildFile; fileRef = 993EAEB71C68711500899916 /* TransitFareSetting.swift */; };
		993EAEBA1C68763500899916 /* TransitFareClientSetting.swift in Sources */ = {isa = PBXBuildFile; fileRef = 993EAEB91C68763500899916 /* TransitFareClientSetting.swift */; };
		993EAF141C71E28D00899916 /* Eureka.framework in Frameworks */ = {isa = PBXBuildFile; fileRef = 993EAF131C71E28D00899916 /* Eureka.framework */; };
		993EAF171C72B59200899916 /* CountryEnum.swift in Sources */ = {isa = PBXBuildFile; fileRef = 993EAF161C72B59100899916 /* CountryEnum.swift */; };
		993EAF191C73524100899916 /* BusTimingViewController.swift in Sources */ = {isa = PBXBuildFile; fileRef = 993EAF181C73524100899916 /* BusTimingViewController.swift */; };
		994B71C51C55D77600FC5782 /* Kingfisher.framework in Frameworks */ = {isa = PBXBuildFile; fileRef = 994B71C41C55D77600FC5782 /* Kingfisher.framework */; };
		998BB9271C4C871D00136EDD /* AppDelegate.swift in Sources */ = {isa = PBXBuildFile; fileRef = 998BB9261C4C871D00136EDD /* AppDelegate.swift */; };
		998BB9291C4C871D00136EDD /* FirstViewController.swift in Sources */ = {isa = PBXBuildFile; fileRef = 998BB9281C4C871D00136EDD /* FirstViewController.swift */; };
		998BB92E1C4C871D00136EDD /* Main.storyboard in Resources */ = {isa = PBXBuildFile; fileRef = 998BB92C1C4C871D00136EDD /* Main.storyboard */; };
		998BB9301C4C871D00136EDD /* Assets.xcassets in Resources */ = {isa = PBXBuildFile; fileRef = 998BB92F1C4C871D00136EDD /* Assets.xcassets */; };
		998BB9331C4C871D00136EDD /* LaunchScreen.storyboard in Resources */ = {isa = PBXBuildFile; fileRef = 998BB9311C4C871D00136EDD /* LaunchScreen.storyboard */; };
		999C63DA1C577E8E00822ECF /* AddNewPassTableViewController.swift in Sources */ = {isa = PBXBuildFile; fileRef = 999C63D91C577E8E00822ECF /* AddNewPassTableViewController.swift */; };
		999C63DC1C57B22300822ECF /* APIUtility.swift in Sources */ = {isa = PBXBuildFile; fileRef = 999C63DB1C57B22300822ECF /* APIUtility.swift */; };
		999C63DE1C58653000822ECF /* AddNewPassTableViewCell.swift in Sources */ = {isa = PBXBuildFile; fileRef = 999C63DD1C58653000822ECF /* AddNewPassTableViewCell.swift */; };
		999C63E01C58CC6200822ECF /* Alamofire.framework in Frameworks */ = {isa = PBXBuildFile; fileRef = 999C63DF1C58CC6200822ECF /* Alamofire.framework */; };
		999C63E21C58D0E900822ECF /* SwiftyJSON.framework in Frameworks */ = {isa = PBXBuildFile; fileRef = 999C63E11C58D0E900822ECF /* SwiftyJSON.framework */; };
		999C63E51C59137800822ECF /* Product.swift in Sources */ = {isa = PBXBuildFile; fileRef = 999C63E41C59137800822ECF /* Product.swift */; };
		999C63E71C5913BE00822ECF /* CreditCard.swift in Sources */ = {isa = PBXBuildFile; fileRef = 999C63E61C5913BE00822ECF /* CreditCard.swift */; };
		999C63E91C59D05A00822ECF /* MBProgressHUD.framework in Frameworks */ = {isa = PBXBuildFile; fileRef = 999C63E81C59D05A00822ECF /* MBProgressHUD.framework */; };
		99EE0B3E1C77113F00CFFB1C /* Reachability.swift in Sources */ = {isa = PBXBuildFile; fileRef = 99EE0B3D1C77113F00CFFB1C /* Reachability.swift */; };
		99EE0B401C77247300CFFB1C /* UIAlertAPI.swift in Sources */ = {isa = PBXBuildFile; fileRef = 99EE0B3F1C77247300CFFB1C /* UIAlertAPI.swift */; };
		99EE0B441C78181800CFFB1C /* MoreTableViewController.swift in Sources */ = {isa = PBXBuildFile; fileRef = 99EE0B431C78181800CFFB1C /* MoreTableViewController.swift */; };
		99EE0B461C784B4300CFFB1C /* SavedCardsTableViewCell.swift in Sources */ = {isa = PBXBuildFile; fileRef = 99EE0B451C784B4300CFFB1C /* SavedCardsTableViewCell.swift */; };
		99EE0B481C785AEF00CFFB1C /* SavedCardsTableViewController.swift in Sources */ = {isa = PBXBuildFile; fileRef = 99EE0B471C785AEF00CFFB1C /* SavedCardsTableViewController.swift */; };
		99EE0B4A1C78CB5F00CFFB1C /* Parse.framework in Frameworks */ = {isa = PBXBuildFile; fileRef = 99EE0B491C78CB5F00CFFB1C /* Parse.framework */; };
		99EE0B4C1C794F6000CFFB1C /* Bolts.framework in Frameworks */ = {isa = PBXBuildFile; fileRef = 99EE0B4B1C794F6000CFFB1C /* Bolts.framework */; };
/* End PBXBuildFile section */

/* Begin PBXFileReference section */
		993EAEA41C620B2200899916 /* Material.framework */ = {isa = PBXFileReference; lastKnownFileType = wrapper.framework; name = Material.framework; path = Carthage/Build/iOS/Material.framework; sourceTree = "<group>"; };
		993EAEA61C6246D100899916 /* AddNewCreditCardViewController.swift */ = {isa = PBXFileReference; fileEncoding = 4; lastKnownFileType = sourcecode.swift; path = AddNewCreditCardViewController.swift; sourceTree = "<group>"; };
		993EAEAB1C66555B00899916 /* LoginViewController.swift */ = {isa = PBXFileReference; fileEncoding = 4; lastKnownFileType = sourcecode.swift; path = LoginViewController.swift; sourceTree = "<group>"; };
		993EAEAD1C6655BE00899916 /* SnapKit.framework */ = {isa = PBXFileReference; lastKnownFileType = wrapper.framework; name = SnapKit.framework; path = Carthage/Build/iOS/SnapKit.framework; sourceTree = "<group>"; };
		993EAEB01C66599400899916 /* background-logo.jpg */ = {isa = PBXFileReference; lastKnownFileType = image.jpeg; path = "background-logo.jpg"; sourceTree = "<group>"; };
		993EAEB21C672E8000899916 /* RegisterViewController.swift */ = {isa = PBXFileReference; fileEncoding = 4; lastKnownFileType = sourcecode.swift; path = RegisterViewController.swift; sourceTree = "<group>"; };
		993EAEB51C68693D00899916 /* HomeViewController.swift */ = {isa = PBXFileReference; fileEncoding = 4; lastKnownFileType = sourcecode.swift; path = HomeViewController.swift; sourceTree = "<group>"; };
		993EAEB71C68711500899916 /* TransitFareSetting.swift */ = {isa = PBXFileReference; fileEncoding = 4; lastKnownFileType = sourcecode.swift; path = TransitFareSetting.swift; sourceTree = "<group>"; };
		993EAEB91C68763500899916 /* TransitFareClientSetting.swift */ = {isa = PBXFileReference; fileEncoding = 4; lastKnownFileType = sourcecode.swift; path = TransitFareClientSetting.swift; sourceTree = "<group>"; };
		993EAF131C71E28D00899916 /* Eureka.framework */ = {isa = PBXFileReference; lastKnownFileType = wrapper.framework; name = Eureka.framework; path = Carthage/Build/iOS/Eureka.framework; sourceTree = "<group>"; };
		993EAF161C72B59100899916 /* CountryEnum.swift */ = {isa = PBXFileReference; fileEncoding = 4; lastKnownFileType = sourcecode.swift; path = CountryEnum.swift; sourceTree = "<group>"; };
		993EAF181C73524100899916 /* BusTimingViewController.swift */ = {isa = PBXFileReference; fileEncoding = 4; lastKnownFileType = sourcecode.swift; path = BusTimingViewController.swift; sourceTree = "<group>"; };
		994B71C41C55D77600FC5782 /* Kingfisher.framework */ = {isa = PBXFileReference; lastKnownFileType = wrapper.framework; name = Kingfisher.framework; path = Carthage/Build/iOS/Kingfisher.framework; sourceTree = "<group>"; };
		998BB9231C4C871D00136EDD /* TransitFare.app */ = {isa = PBXFileReference; explicitFileType = wrapper.application; includeInIndex = 0; path = TransitFare.app; sourceTree = BUILT_PRODUCTS_DIR; };
		998BB9261C4C871D00136EDD /* AppDelegate.swift */ = {isa = PBXFileReference; lastKnownFileType = sourcecode.swift; path = AppDelegate.swift; sourceTree = "<group>"; };
		998BB9281C4C871D00136EDD /* FirstViewController.swift */ = {isa = PBXFileReference; lastKnownFileType = sourcecode.swift; path = FirstViewController.swift; sourceTree = "<group>"; };
		998BB92D1C4C871D00136EDD /* Base */ = {isa = PBXFileReference; lastKnownFileType = file.storyboard; name = Base; path = Base.lproj/Main.storyboard; sourceTree = "<group>"; };
		998BB92F1C4C871D00136EDD /* Assets.xcassets */ = {isa = PBXFileReference; lastKnownFileType = folder.assetcatalog; path = Assets.xcassets; sourceTree = "<group>"; };
		998BB9321C4C871D00136EDD /* Base */ = {isa = PBXFileReference; lastKnownFileType = file.storyboard; name = Base; path = Base.lproj/LaunchScreen.storyboard; sourceTree = "<group>"; };
		998BB9341C4C871D00136EDD /* Info.plist */ = {isa = PBXFileReference; lastKnownFileType = text.plist.xml; path = Info.plist; sourceTree = "<group>"; };
		999C63D91C577E8E00822ECF /* AddNewPassTableViewController.swift */ = {isa = PBXFileReference; fileEncoding = 4; lastKnownFileType = sourcecode.swift; path = AddNewPassTableViewController.swift; sourceTree = "<group>"; };
		999C63DB1C57B22300822ECF /* APIUtility.swift */ = {isa = PBXFileReference; fileEncoding = 4; lastKnownFileType = sourcecode.swift; path = APIUtility.swift; sourceTree = "<group>"; };
		999C63DD1C58653000822ECF /* AddNewPassTableViewCell.swift */ = {isa = PBXFileReference; fileEncoding = 4; lastKnownFileType = sourcecode.swift; path = AddNewPassTableViewCell.swift; sourceTree = "<group>"; };
		999C63DF1C58CC6200822ECF /* Alamofire.framework */ = {isa = PBXFileReference; lastKnownFileType = wrapper.framework; name = Alamofire.framework; path = Carthage/Build/iOS/Alamofire.framework; sourceTree = "<group>"; };
		999C63E11C58D0E900822ECF /* SwiftyJSON.framework */ = {isa = PBXFileReference; lastKnownFileType = wrapper.framework; name = SwiftyJSON.framework; path = Carthage/Build/iOS/SwiftyJSON.framework; sourceTree = "<group>"; };
		999C63E41C59137800822ECF /* Product.swift */ = {isa = PBXFileReference; fileEncoding = 4; lastKnownFileType = sourcecode.swift; path = Product.swift; sourceTree = "<group>"; };
		999C63E61C5913BE00822ECF /* CreditCard.swift */ = {isa = PBXFileReference; fileEncoding = 4; lastKnownFileType = sourcecode.swift; path = CreditCard.swift; sourceTree = "<group>"; };
		999C63E81C59D05A00822ECF /* MBProgressHUD.framework */ = {isa = PBXFileReference; lastKnownFileType = wrapper.framework; name = MBProgressHUD.framework; path = Carthage/Build/iOS/MBProgressHUD.framework; sourceTree = "<group>"; };
		99EE0B3D1C77113F00CFFB1C /* Reachability.swift */ = {isa = PBXFileReference; fileEncoding = 4; lastKnownFileType = sourcecode.swift; path = Reachability.swift; sourceTree = "<group>"; };
		99EE0B3F1C77247300CFFB1C /* UIAlertAPI.swift */ = {isa = PBXFileReference; fileEncoding = 4; lastKnownFileType = sourcecode.swift; path = UIAlertAPI.swift; sourceTree = "<group>"; };
		99EE0B431C78181800CFFB1C /* MoreTableViewController.swift */ = {isa = PBXFileReference; fileEncoding = 4; lastKnownFileType = sourcecode.swift; path = MoreTableViewController.swift; sourceTree = "<group>"; };
		99EE0B451C784B4300CFFB1C /* SavedCardsTableViewCell.swift */ = {isa = PBXFileReference; fileEncoding = 4; lastKnownFileType = sourcecode.swift; path = SavedCardsTableViewCell.swift; sourceTree = "<group>"; };
		99EE0B471C785AEF00CFFB1C /* SavedCardsTableViewController.swift */ = {isa = PBXFileReference; fileEncoding = 4; lastKnownFileType = sourcecode.swift; path = SavedCardsTableViewController.swift; sourceTree = "<group>"; };
		99EE0B491C78CB5F00CFFB1C /* Parse.framework */ = {isa = PBXFileReference; lastKnownFileType = wrapper.framework; name = Parse.framework; path = Carthage/Build/iOS/Parse.framework; sourceTree = "<group>"; };
		99EE0B4B1C794F6000CFFB1C /* Bolts.framework */ = {isa = PBXFileReference; lastKnownFileType = wrapper.framework; name = Bolts.framework; path = Carthage/Build/iOS/Bolts.framework; sourceTree = "<group>"; };
/* End PBXFileReference section */

/* Begin PBXFrameworksBuildPhase section */
		998BB9201C4C871D00136EDD /* Frameworks */ = {
			isa = PBXFrameworksBuildPhase;
			buildActionMask = 2147483647;
			files = (
				993EAEA51C620B2200899916 /* Material.framework in Frameworks */,
				993EAF141C71E28D00899916 /* Eureka.framework in Frameworks */,
				999C63E91C59D05A00822ECF /* MBProgressHUD.framework in Frameworks */,
				994B71C51C55D77600FC5782 /* Kingfisher.framework in Frameworks */,
				993EAEAE1C6655BE00899916 /* SnapKit.framework in Frameworks */,
				999C63E01C58CC6200822ECF /* Alamofire.framework in Frameworks */,
				99EE0B4C1C794F6000CFFB1C /* Bolts.framework in Frameworks */,
				99EE0B4A1C78CB5F00CFFB1C /* Parse.framework in Frameworks */,
				999C63E21C58D0E900822ECF /* SwiftyJSON.framework in Frameworks */,
			);
			runOnlyForDeploymentPostprocessing = 0;
		};
/* End PBXFrameworksBuildPhase section */

/* Begin PBXGroup section */
		993EAEAF1C66597D00899916 /* Resources */ = {
			isa = PBXGroup;
			children = (
				993EAEB01C66599400899916 /* background-logo.jpg */,
			);
			name = Resources;
			sourceTree = "<group>";
		};
		998BB91A1C4C871D00136EDD = {
			isa = PBXGroup;
			children = (
				99EE0B4B1C794F6000CFFB1C /* Bolts.framework */,
				99EE0B491C78CB5F00CFFB1C /* Parse.framework */,
				99EE0B3A1C770EAA00CFFB1C /* Api */,
				993EAF131C71E28D00899916 /* Eureka.framework */,
				993EAEAF1C66597D00899916 /* Resources */,
				993EAEAD1C6655BE00899916 /* SnapKit.framework */,
				993EAEA41C620B2200899916 /* Material.framework */,
				999C63E81C59D05A00822ECF /* MBProgressHUD.framework */,
				999C63E31C5912DA00822ECF /* Model */,
				999C63E11C58D0E900822ECF /* SwiftyJSON.framework */,
				994B71C41C55D77600FC5782 /* Kingfisher.framework */,
				998BB9251C4C871D00136EDD /* TransitFare */,
				998BB9241C4C871D00136EDD /* Products */,
				999C63DF1C58CC6200822ECF /* Alamofire.framework */,
			);
			sourceTree = "<group>";
		};
		998BB9241C4C871D00136EDD /* Products */ = {
			isa = PBXGroup;
			children = (
				998BB9231C4C871D00136EDD /* TransitFare.app */,
			);
			name = Products;
			sourceTree = "<group>";
		};
		998BB9251C4C871D00136EDD /* TransitFare */ = {
			isa = PBXGroup;
			children = (
				998BB9261C4C871D00136EDD /* AppDelegate.swift */,
				998BB9281C4C871D00136EDD /* FirstViewController.swift */,
				998BB92C1C4C871D00136EDD /* Main.storyboard */,
				998BB92F1C4C871D00136EDD /* Assets.xcassets */,
				998BB9311C4C871D00136EDD /* LaunchScreen.storyboard */,
				998BB9341C4C871D00136EDD /* Info.plist */,
				999C63D91C577E8E00822ECF /* AddNewPassTableViewController.swift */,
				999C63DB1C57B22300822ECF /* APIUtility.swift */,
				999C63DD1C58653000822ECF /* AddNewPassTableViewCell.swift */,
				993EAEA61C6246D100899916 /* AddNewCreditCardViewController.swift */,
				993EAEAB1C66555B00899916 /* LoginViewController.swift */,
				993EAEB21C672E8000899916 /* RegisterViewController.swift */,
				993EAEB51C68693D00899916 /* HomeViewController.swift */,
				993EAEB71C68711500899916 /* TransitFareSetting.swift */,
				993EAEB91C68763500899916 /* TransitFareClientSetting.swift */,
				993EAF181C73524100899916 /* BusTimingViewController.swift */,
				99EE0B431C78181800CFFB1C /* MoreTableViewController.swift */,
				99EE0B451C784B4300CFFB1C /* SavedCardsTableViewCell.swift */,
				99EE0B471C785AEF00CFFB1C /* SavedCardsTableViewController.swift */,
			);
			path = TransitFare;
			sourceTree = "<group>";
		};
		999C63E31C5912DA00822ECF /* Model */ = {
			isa = PBXGroup;
			children = (
				999C63E41C59137800822ECF /* Product.swift */,
				999C63E61C5913BE00822ECF /* CreditCard.swift */,
				993EAF161C72B59100899916 /* CountryEnum.swift */,
			);
			name = Model;
			sourceTree = "<group>";
		};
		99EE0B3A1C770EAA00CFFB1C /* Api */ = {
			isa = PBXGroup;
			children = (
				99EE0B3D1C77113F00CFFB1C /* Reachability.swift */,
				99EE0B3F1C77247300CFFB1C /* UIAlertAPI.swift */,
			);
			name = Api;
			sourceTree = "<group>";
		};
/* End PBXGroup section */

/* Begin PBXNativeTarget section */
		998BB9221C4C871D00136EDD /* TransitFare */ = {
			isa = PBXNativeTarget;
			buildConfigurationList = 998BB9371C4C871D00136EDD /* Build configuration list for PBXNativeTarget "TransitFare" */;
			buildPhases = (
				998BB91F1C4C871D00136EDD /* Sources */,
				998BB9201C4C871D00136EDD /* Frameworks */,
				998BB9211C4C871D00136EDD /* Resources */,
				994B71C71C55DBAA00FC5782 /* ShellScript */,
			);
			buildRules = (
			);
			dependencies = (
			);
			name = TransitFare;
			productName = TransitFare;
			productReference = 998BB9231C4C871D00136EDD /* TransitFare.app */;
			productType = "com.apple.product-type.application";
		};
/* End PBXNativeTarget section */

/* Begin PBXProject section */
		998BB91B1C4C871D00136EDD /* Project object */ = {
			isa = PBXProject;
			attributes = {
				LastSwiftUpdateCheck = 0720;
				LastUpgradeCheck = 0720;
				ORGANIZATIONNAME = ajaybeniwal203;
				TargetAttributes = {
					998BB9221C4C871D00136EDD = {
						CreatedOnToolsVersion = 7.2;
						SystemCapabilities = {
							com.apple.BackgroundModes = {
								enabled = 1;
							};
						};
					};
				};
			};
			buildConfigurationList = 998BB91E1C4C871D00136EDD /* Build configuration list for PBXProject "TransitFare" */;
			compatibilityVersion = "Xcode 3.2";
			developmentRegion = English;
			hasScannedForEncodings = 0;
			knownRegions = (
				en,
				Base,
			);
			mainGroup = 998BB91A1C4C871D00136EDD;
			productRefGroup = 998BB9241C4C871D00136EDD /* Products */;
			projectDirPath = "";
			projectRoot = "";
			targets = (
				998BB9221C4C871D00136EDD /* TransitFare */,
			);
		};
/* End PBXProject section */

/* Begin PBXResourcesBuildPhase section */
		998BB9211C4C871D00136EDD /* Resources */ = {
			isa = PBXResourcesBuildPhase;
			buildActionMask = 2147483647;
			files = (
				993EAEB11C66599400899916 /* background-logo.jpg in Resources */,
				998BB9331C4C871D00136EDD /* LaunchScreen.storyboard in Resources */,
				998BB9301C4C871D00136EDD /* Assets.xcassets in Resources */,
				998BB92E1C4C871D00136EDD /* Main.storyboard in Resources */,
			);
			runOnlyForDeploymentPostprocessing = 0;
		};
/* End PBXResourcesBuildPhase section */

/* Begin PBXShellScriptBuildPhase section */
		994B71C71C55DBAA00FC5782 /* ShellScript */ = {
			isa = PBXShellScriptBuildPhase;
			buildActionMask = 2147483647;
			files = (
			);
			inputPaths = (
				"$(SRCROOT)/Carthage/Build/iOS/Kingfisher.framework",
				"$(SRCROOT)/Carthage/Build/iOS/Alamofire.framework",
				"$(SRCROOT)/Carthage/Build/iOS/SwiftyJSON.framework",
				"$(SRCROOT)/Carthage/Build/iOS/MBProgressHUD.framework",
				"$(SRCROOT)/Carthage/Build/iOS/Material.framework",
				"$(SRCROOT)/Carthage/Build/iOS/SnapKit.framework",
				"$(SRCROOT)/Carthage/Build/iOS/Eureka.framework",
				"$(SRCROOT)/Carthage/Build/iOS/Parse.framework",
				"$(SRCROOT)/Carthage/Build/iOS/Bolts.framework",
			);
			outputPaths = (
			);
			runOnlyForDeploymentPostprocessing = 0;
			shellPath = /bin/sh;
			shellScript = "/usr/local/bin/carthage copy-frameworks";
		};
/* End PBXShellScriptBuildPhase section */

/* Begin PBXSourcesBuildPhase section */
		998BB91F1C4C871D00136EDD /* Sources */ = {
			isa = PBXSourcesBuildPhase;
			buildActionMask = 2147483647;
			files = (
				999C63DE1C58653000822ECF /* AddNewPassTableViewCell.swift in Sources */,
				993EAEBA1C68763500899916 /* TransitFareClientSetting.swift in Sources */,
				993EAEB31C672E8000899916 /* RegisterViewController.swift in Sources */,
				998BB9271C4C871D00136EDD /* AppDelegate.swift in Sources */,
				993EAEB81C68711500899916 /* TransitFareSetting.swift in Sources */,
				99EE0B481C785AEF00CFFB1C /* SavedCardsTableViewController.swift in Sources */,
				993EAF171C72B59200899916 /* CountryEnum.swift in Sources */,
				99EE0B3E1C77113F00CFFB1C /* Reachability.swift in Sources */,
				999C63E71C5913BE00822ECF /* CreditCard.swift in Sources */,
				999C63DC1C57B22300822ECF /* APIUtility.swift in Sources */,
				993EAF191C73524100899916 /* BusTimingViewController.swift in Sources */,
				99EE0B441C78181800CFFB1C /* MoreTableViewController.swift in Sources */,
				998BB9291C4C871D00136EDD /* FirstViewController.swift in Sources */,
				999C63DA1C577E8E00822ECF /* AddNewPassTableViewController.swift in Sources */,
				99EE0B461C784B4300CFFB1C /* SavedCardsTableViewCell.swift in Sources */,
				993EAEA71C6246D100899916 /* AddNewCreditCardViewController.swift in Sources */,
				993EAEAC1C66555B00899916 /* LoginViewController.swift in Sources */,
				999C63E51C59137800822ECF /* Product.swift in Sources */,
				993EAEB61C68693D00899916 /* HomeViewController.swift in Sources */,
				99EE0B401C77247300CFFB1C /* UIAlertAPI.swift in Sources */,
			);
			runOnlyForDeploymentPostprocessing = 0;
		};
/* End PBXSourcesBuildPhase section */

/* Begin PBXVariantGroup section */
		998BB92C1C4C871D00136EDD /* Main.storyboard */ = {
			isa = PBXVariantGroup;
			children = (
				998BB92D1C4C871D00136EDD /* Base */,
			);
			name = Main.storyboard;
			sourceTree = "<group>";
		};
		998BB9311C4C871D00136EDD /* LaunchScreen.storyboard */ = {
			isa = PBXVariantGroup;
			children = (
				998BB9321C4C871D00136EDD /* Base */,
			);
			name = LaunchScreen.storyboard;
			sourceTree = "<group>";
		};
/* End PBXVariantGroup section */

/* Begin XCBuildConfiguration section */
		998BB9351C4C871D00136EDD /* Debug */ = {
			isa = XCBuildConfiguration;
			buildSettings = {
				ALWAYS_SEARCH_USER_PATHS = NO;
				CLANG_CXX_LANGUAGE_STANDARD = "gnu++0x";
				CLANG_CXX_LIBRARY = "libc++";
				CLANG_ENABLE_MODULES = YES;
				CLANG_ENABLE_OBJC_ARC = YES;
				CLANG_WARN_BOOL_CONVERSION = YES;
				CLANG_WARN_CONSTANT_CONVERSION = YES;
				CLANG_WARN_DIRECT_OBJC_ISA_USAGE = YES_ERROR;
				CLANG_WARN_EMPTY_BODY = YES;
				CLANG_WARN_ENUM_CONVERSION = YES;
				CLANG_WARN_INT_CONVERSION = YES;
				CLANG_WARN_OBJC_ROOT_CLASS = YES_ERROR;
				CLANG_WARN_UNREACHABLE_CODE = YES;
				CLANG_WARN__DUPLICATE_METHOD_MATCH = YES;
				"CODE_SIGN_IDENTITY[sdk=iphoneos*]" = "iPhone Developer";
				COPY_PHASE_STRIP = NO;
				DEBUG_INFORMATION_FORMAT = dwarf;
				ENABLE_STRICT_OBJC_MSGSEND = YES;
				ENABLE_TESTABILITY = YES;
				GCC_C_LANGUAGE_STANDARD = gnu99;
				GCC_DYNAMIC_NO_PIC = NO;
				GCC_NO_COMMON_BLOCKS = YES;
				GCC_OPTIMIZATION_LEVEL = 0;
				GCC_PREPROCESSOR_DEFINITIONS = (
					"DEBUG=1",
					"$(inherited)",
				);
				GCC_WARN_64_TO_32_BIT_CONVERSION = YES;
				GCC_WARN_ABOUT_RETURN_TYPE = YES_ERROR;
				GCC_WARN_UNDECLARED_SELECTOR = YES;
				GCC_WARN_UNINITIALIZED_AUTOS = YES_AGGRESSIVE;
				GCC_WARN_UNUSED_FUNCTION = YES;
				GCC_WARN_UNUSED_VARIABLE = YES;
				IPHONEOS_DEPLOYMENT_TARGET = 9.2;
				MTL_ENABLE_DEBUG_INFO = YES;
				ONLY_ACTIVE_ARCH = YES;
				SDKROOT = iphoneos;
				SWIFT_OPTIMIZATION_LEVEL = "-Onone";
			};
			name = Debug;
		};
		998BB9361C4C871D00136EDD /* Release */ = {
			isa = XCBuildConfiguration;
			buildSettings = {
				ALWAYS_SEARCH_USER_PATHS = NO;
				CLANG_CXX_LANGUAGE_STANDARD = "gnu++0x";
				CLANG_CXX_LIBRARY = "libc++";
				CLANG_ENABLE_MODULES = YES;
				CLANG_ENABLE_OBJC_ARC = YES;
				CLANG_WARN_BOOL_CONVERSION = YES;
				CLANG_WARN_CONSTANT_CONVERSION = YES;
				CLANG_WARN_DIRECT_OBJC_ISA_USAGE = YES_ERROR;
				CLANG_WARN_EMPTY_BODY = YES;
				CLANG_WARN_ENUM_CONVERSION = YES;
				CLANG_WARN_INT_CONVERSION = YES;
				CLANG_WARN_OBJC_ROOT_CLASS = YES_ERROR;
				CLANG_WARN_UNREACHABLE_CODE = YES;
				CLANG_WARN__DUPLICATE_METHOD_MATCH = YES;
				"CODE_SIGN_IDENTITY[sdk=iphoneos*]" = "iPhone Developer";
				COPY_PHASE_STRIP = NO;
				DEBUG_INFORMATION_FORMAT = "dwarf-with-dsym";
				ENABLE_NS_ASSERTIONS = NO;
				ENABLE_STRICT_OBJC_MSGSEND = YES;
				GCC_C_LANGUAGE_STANDARD = gnu99;
				GCC_NO_COMMON_BLOCKS = YES;
				GCC_WARN_64_TO_32_BIT_CONVERSION = YES;
				GCC_WARN_ABOUT_RETURN_TYPE = YES_ERROR;
				GCC_WARN_UNDECLARED_SELECTOR = YES;
				GCC_WARN_UNINITIALIZED_AUTOS = YES_AGGRESSIVE;
				GCC_WARN_UNUSED_FUNCTION = YES;
				GCC_WARN_UNUSED_VARIABLE = YES;
				IPHONEOS_DEPLOYMENT_TARGET = 9.2;
				MTL_ENABLE_DEBUG_INFO = NO;
				SDKROOT = iphoneos;
				VALIDATE_PRODUCT = YES;
			};
			name = Release;
		};
		998BB9381C4C871D00136EDD /* Debug */ = {
			isa = XCBuildConfiguration;
			buildSettings = {
				ASSETCATALOG_COMPILER_APPICON_NAME = AppIcon;
				FRAMEWORK_SEARCH_PATHS = (
					"$(inherited)",
					"$(PROJECT_DIR)/Carthage/Build/iOS",
				);
				INFOPLIST_FILE = TransitFare/Info.plist;
				IPHONEOS_DEPLOYMENT_TARGET = 8.3;
				LD_RUNPATH_SEARCH_PATHS = "$(inherited) @executable_path/Frameworks";
				PRODUCT_BUNDLE_IDENTIFIER = com.commonapp.projectpocket;
				PRODUCT_NAME = "$(TARGET_NAME)";
			};
			name = Debug;
		};
		998BB9391C4C871D00136EDD /* Release */ = {
			isa = XCBuildConfiguration;
			buildSettings = {
				ASSETCATALOG_COMPILER_APPICON_NAME = AppIcon;
				FRAMEWORK_SEARCH_PATHS = (
					"$(inherited)",
					"$(PROJECT_DIR)/Carthage/Build/iOS",
				);
				INFOPLIST_FILE = TransitFare/Info.plist;
				IPHONEOS_DEPLOYMENT_TARGET = 8.3;
				LD_RUNPATH_SEARCH_PATHS = "$(inherited) @executable_path/Frameworks";
				PRODUCT_BUNDLE_IDENTIFIER = com.commonapp.projectpocket;
				PRODUCT_NAME = "$(TARGET_NAME)";
			};
			name = Release;
		};
/* End XCBuildConfiguration section */

/* Begin XCConfigurationList section */
		998BB91E1C4C871D00136EDD /* Build configuration list for PBXProject "TransitFare" */ = {
			isa = XCConfigurationList;
			buildConfigurations = (
				998BB9351C4C871D00136EDD /* Debug */,
				998BB9361C4C871D00136EDD /* Release */,
			);
			defaultConfigurationIsVisible = 0;
			defaultConfigurationName = Release;
		};
		998BB9371C4C871D00136EDD /* Build configuration list for PBXNativeTarget "TransitFare" */ = {
			isa = XCConfigurationList;
			buildConfigurations = (
				998BB9381C4C871D00136EDD /* Debug */,
				998BB9391C4C871D00136EDD /* Release */,
			);
			defaultConfigurationIsVisible = 0;
			defaultConfigurationName = Release;
		};
/* End XCConfigurationList section */
	};
	rootObject = 998BB91B1C4C871D00136EDD /* Project object */;
}
